// !$*UTF8*$!
{
	archiveVersion = 1;
	classes = {
	};
	objectVersion = 56;
	objects = {

/* Begin PBXBuildFile section */
		CE2926AC2A36DA320071CCFD /* swift_project_ohta_gsApp.swift in Sources */ = {isa = PBXBuildFile; fileRef = CE2926AB2A36DA320071CCFD /* swift_project_ohta_gsApp.swift */; };
		CE2926AE2A36DA320071CCFD /* ContentView.swift in Sources */ = {isa = PBXBuildFile; fileRef = CE2926AD2A36DA320071CCFD /* ContentView.swift */; };
		CE2926B02A36DA330071CCFD /* Assets.xcassets in Resources */ = {isa = PBXBuildFile; fileRef = CE2926AF2A36DA330071CCFD /* Assets.xcassets */; };
		CE2926B32A36DA330071CCFD /* Preview Assets.xcassets in Resources */ = {isa = PBXBuildFile; fileRef = CE2926B22A36DA330071CCFD /* Preview Assets.xcassets */; };
		CE2926BD2A36DA330071CCFD /* swift_project_ohta_gsTests.swift in Sources */ = {isa = PBXBuildFile; fileRef = CE2926BC2A36DA330071CCFD /* swift_project_ohta_gsTests.swift */; };
		CE2926C72A36DA330071CCFD /* swift_project_ohta_gsUITests.swift in Sources */ = {isa = PBXBuildFile; fileRef = CE2926C62A36DA330071CCFD /* swift_project_ohta_gsUITests.swift */; };
		CE2926C92A36DA330071CCFD /* swift_project_ohta_gsUITestsLaunchTests.swift in Sources */ = {isa = PBXBuildFile; fileRef = CE2926C82A36DA330071CCFD /* swift_project_ohta_gsUITestsLaunchTests.swift */; };
		CE2926D62A38404B0071CCFD /* Functions.swift in Sources */ = {isa = PBXBuildFile; fileRef = CE2926D52A38404B0071CCFD /* Functions.swift */; };
/* End PBXBuildFile section */

/* Begin PBXContainerItemProxy section */
		CE2926B92A36DA330071CCFD /* PBXContainerItemProxy */ = {
			isa = PBXContainerItemProxy;
			containerPortal = CE2926A02A36DA320071CCFD /* Project object */;
			proxyType = 1;
			remoteGlobalIDString = CE2926A72A36DA320071CCFD;
			remoteInfo = "swift-project-ohta-gs";
		};
		CE2926C32A36DA330071CCFD /* PBXContainerItemProxy */ = {
			isa = PBXContainerItemProxy;
			containerPortal = CE2926A02A36DA320071CCFD /* Project object */;
			proxyType = 1;
			remoteGlobalIDString = CE2926A72A36DA320071CCFD;
			remoteInfo = "swift-project-ohta-gs";
		};
/* End PBXContainerItemProxy section */

/* Begin PBXFileReference section */
		CE2926A82A36DA320071CCFD /* swift-project-ohta-gs.app */ = {isa = PBXFileReference; explicitFileType = wrapper.application; includeInIndex = 0; path = "swift-project-ohta-gs.app"; sourceTree = BUILT_PRODUCTS_DIR; };
		CE2926AB2A36DA320071CCFD /* swift_project_ohta_gsApp.swift */ = {isa = PBXFileReference; lastKnownFileType = sourcecode.swift; path = swift_project_ohta_gsApp.swift; sourceTree = "<group>"; };
		CE2926AD2A36DA320071CCFD /* ContentView.swift */ = {isa = PBXFileReference; lastKnownFileType = sourcecode.swift; path = ContentView.swift; sourceTree = "<group>"; };
		CE2926AF2A36DA330071CCFD /* Assets.xcassets */ = {isa = PBXFileReference; lastKnownFileType = folder.assetcatalog; path = Assets.xcassets; sourceTree = "<group>"; };
		CE2926B22A36DA330071CCFD /* Preview Assets.xcassets */ = {isa = PBXFileReference; lastKnownFileType = folder.assetcatalog; path = "Preview Assets.xcassets"; sourceTree = "<group>"; };
		CE2926B82A36DA330071CCFD /* swift-project-ohta-gsTests.xctest */ = {isa = PBXFileReference; explicitFileType = wrapper.cfbundle; includeInIndex = 0; path = "swift-project-ohta-gsTests.xctest"; sourceTree = BUILT_PRODUCTS_DIR; };
		CE2926BC2A36DA330071CCFD /* swift_project_ohta_gsTests.swift */ = {isa = PBXFileReference; lastKnownFileType = sourcecode.swift; path = swift_project_ohta_gsTests.swift; sourceTree = "<group>"; };
		CE2926C22A36DA330071CCFD /* swift-project-ohta-gsUITests.xctest */ = {isa = PBXFileReference; explicitFileType = wrapper.cfbundle; includeInIndex = 0; path = "swift-project-ohta-gsUITests.xctest"; sourceTree = BUILT_PRODUCTS_DIR; };
		CE2926C62A36DA330071CCFD /* swift_project_ohta_gsUITests.swift */ = {isa = PBXFileReference; lastKnownFileType = sourcecode.swift; path = swift_project_ohta_gsUITests.swift; sourceTree = "<group>"; };
		CE2926C82A36DA330071CCFD /* swift_project_ohta_gsUITestsLaunchTests.swift */ = {isa = PBXFileReference; lastKnownFileType = sourcecode.swift; path = swift_project_ohta_gsUITestsLaunchTests.swift; sourceTree = "<group>"; };
		CE2926D52A38404B0071CCFD /* Functions.swift */ = {isa = PBXFileReference; lastKnownFileType = sourcecode.swift; path = Functions.swift; sourceTree = "<group>"; };
		CE2927142A393AF40071CCFD /* README.md */ = {isa = PBXFileReference; lastKnownFileType = net.daringfireball.markdown; path = README.md; sourceTree = "<group>"; };
		CE29276C2A3992E50071CCFD /* swift-project-ohta-gs */ = {isa = PBXFileReference; lastKnownFileType = folder; path = "swift-project-ohta-gs"; sourceTree = "<group>"; };
		CEF6398C2A3A793200A68E42 /* image.png */ = {isa = PBXFileReference; lastKnownFileType = image.png; path = image.png; sourceTree = "<group>"; };
/* End PBXFileReference section */

/* Begin PBXFrameworksBuildPhase section */
		CE2926A52A36DA320071CCFD /* Frameworks */ = {
			isa = PBXFrameworksBuildPhase;
			buildActionMask = 2147483647;
			files = (
			);
			runOnlyForDeploymentPostprocessing = 0;
		};
		CE2926B52A36DA330071CCFD /* Frameworks */ = {
			isa = PBXFrameworksBuildPhase;
			buildActionMask = 2147483647;
			files = (
			);
			runOnlyForDeploymentPostprocessing = 0;
		};
		CE2926BF2A36DA330071CCFD /* Frameworks */ = {
			isa = PBXFrameworksBuildPhase;
			buildActionMask = 2147483647;
			files = (
			);
			runOnlyForDeploymentPostprocessing = 0;
		};
/* End PBXFrameworksBuildPhase section */

/* Begin PBXGroup section */
		CE29269F2A36DA320071CCFD = {
			isa = PBXGroup;
			children = (
				CEF6398C2A3A793200A68E42 /* image.png */,
				CE29276C2A3992E50071CCFD /* swift-project-ohta-gs */,
				CE2927142A393AF40071CCFD /* README.md */,
				CE2926AA2A36DA320071CCFD /* swift-project-ohta-gs */,
				CE2926BB2A36DA330071CCFD /* swift-project-ohta-gsTests */,
				CE2926C52A36DA330071CCFD /* swift-project-ohta-gsUITests */,
				CE2926A92A36DA320071CCFD /* Products */,
			);
			sourceTree = "<group>";
		};
		CE2926A92A36DA320071CCFD /* Products */ = {
			isa = PBXGroup;
			children = (
				CE2926A82A36DA320071CCFD /* swift-project-ohta-gs.app */,
				CE2926B82A36DA330071CCFD /* swift-project-ohta-gsTests.xctest */,
				CE2926C22A36DA330071CCFD /* swift-project-ohta-gsUITests.xctest */,
			);
			name = Products;
			sourceTree = "<group>";
		};
		CE2926AA2A36DA320071CCFD /* swift-project-ohta-gs */ = {
			isa = PBXGroup;
			children = (
				CE2926D52A38404B0071CCFD /* Functions.swift */,
				CE2926AD2A36DA320071CCFD /* ContentView.swift */,
				CE2926AB2A36DA320071CCFD /* swift_project_ohta_gsApp.swift */,
				CE2926AF2A36DA330071CCFD /* Assets.xcassets */,
				CE2926B12A36DA330071CCFD /* Preview Content */,
			);
			path = "swift-project-ohta-gs";
			sourceTree = "<group>";
		};
		CE2926B12A36DA330071CCFD /* Preview Content */ = {
			isa = PBXGroup;
			children = (
				CE2926B22A36DA330071CCFD /* Preview Assets.xcassets */,
			);
			path = "Preview Content";
			sourceTree = "<group>";
		};
		CE2926BB2A36DA330071CCFD /* swift-project-ohta-gsTests */ = {
			isa = PBXGroup;
			children = (
				CE2926BC2A36DA330071CCFD /* swift_project_ohta_gsTests.swift */,
			);
			path = "swift-project-ohta-gsTests";
			sourceTree = "<group>";
		};
		CE2926C52A36DA330071CCFD /* swift-project-ohta-gsUITests */ = {
			isa = PBXGroup;
			children = (
				CE2926C62A36DA330071CCFD /* swift_project_ohta_gsUITests.swift */,
				CE2926C82A36DA330071CCFD /* swift_project_ohta_gsUITestsLaunchTests.swift */,
			);
			path = "swift-project-ohta-gsUITests";
			sourceTree = "<group>";
		};
/* End PBXGroup section */

/* Begin PBXNativeTarget section */
		CE2926A72A36DA320071CCFD /* swift-project-ohta-gs */ = {
			isa = PBXNativeTarget;
			buildConfigurationList = CE2926CC2A36DA330071CCFD /* Build configuration list for PBXNativeTarget "swift-project-ohta-gs" */;
			buildPhases = (
				CE2926A42A36DA320071CCFD /* Sources */,
				CE2926A52A36DA320071CCFD /* Frameworks */,
				CE2926A62A36DA320071CCFD /* Resources */,
			);
			buildRules = (
			);
			dependencies = (
			);
			name = "swift-project-ohta-gs";
			productName = "swift-project-ohta-gs";
			productReference = CE2926A82A36DA320071CCFD /* swift-project-ohta-gs.app */;
			productType = "com.apple.product-type.application";
		};
		CE2926B72A36DA330071CCFD /* swift-project-ohta-gsTests */ = {
			isa = PBXNativeTarget;
			buildConfigurationList = CE2926CF2A36DA330071CCFD /* Build configuration list for PBXNativeTarget "swift-project-ohta-gsTests" */;
			buildPhases = (
				CE2926B42A36DA330071CCFD /* Sources */,
				CE2926B52A36DA330071CCFD /* Frameworks */,
				CE2926B62A36DA330071CCFD /* Resources */,
			);
			buildRules = (
			);
			dependencies = (
				CE2926BA2A36DA330071CCFD /* PBXTargetDependency */,
			);
			name = "swift-project-ohta-gsTests";
			productName = "swift-project-ohta-gsTests";
			productReference = CE2926B82A36DA330071CCFD /* swift-project-ohta-gsTests.xctest */;
			productType = "com.apple.product-type.bundle.unit-test";
		};
		CE2926C12A36DA330071CCFD /* swift-project-ohta-gsUITests */ = {
			isa = PBXNativeTarget;
			buildConfigurationList = CE2926D22A36DA330071CCFD /* Build configuration list for PBXNativeTarget "swift-project-ohta-gsUITests" */;
			buildPhases = (
				CE2926BE2A36DA330071CCFD /* Sources */,
				CE2926BF2A36DA330071CCFD /* Frameworks */,
				CE2926C02A36DA330071CCFD /* Resources */,
			);
			buildRules = (
			);
			dependencies = (
				CE2926C42A36DA330071CCFD /* PBXTargetDependency */,
			);
			name = "swift-project-ohta-gsUITests";
			productName = "swift-project-ohta-gsUITests";
			productReference = CE2926C22A36DA330071CCFD /* swift-project-ohta-gsUITests.xctest */;
			productType = "com.apple.product-type.bundle.ui-testing";
		};
/* End PBXNativeTarget section */

/* Begin PBXProject section */
		CE2926A02A36DA320071CCFD /* Project object */ = {
			isa = PBXProject;
			attributes = {
				BuildIndependentTargetsInParallel = 1;
				LastSwiftUpdateCheck = 1430;
				LastUpgradeCheck = 1430;
				TargetAttributes = {
					CE2926A72A36DA320071CCFD = {
						CreatedOnToolsVersion = 14.3.1;
					};
					CE2926B72A36DA330071CCFD = {
						CreatedOnToolsVersion = 14.3.1;
						TestTargetID = CE2926A72A36DA320071CCFD;
					};
					CE2926C12A36DA330071CCFD = {
						CreatedOnToolsVersion = 14.3.1;
						TestTargetID = CE2926A72A36DA320071CCFD;
					};
				};
			};
			buildConfigurationList = CE2926A32A36DA320071CCFD /* Build configuration list for PBXProject "swift-project-ohta-gs" */;
			compatibilityVersion = "Xcode 14.0";
			developmentRegion = en;
			hasScannedForEncodings = 0;
			knownRegions = (
				en,
				Base,
			);
			mainGroup = CE29269F2A36DA320071CCFD;
			productRefGroup = CE2926A92A36DA320071CCFD /* Products */;
			projectDirPath = "";
			projectRoot = "";
			targets = (
				CE2926A72A36DA320071CCFD /* swift-project-ohta-gs */,
				CE2926B72A36DA330071CCFD /* swift-project-ohta-gsTests */,
				CE2926C12A36DA330071CCFD /* swift-project-ohta-gsUITests */,
			);
		};
/* End PBXProject section */

/* Begin PBXResourcesBuildPhase section */
		CE2926A62A36DA320071CCFD /* Resources */ = {
			isa = PBXResourcesBuildPhase;
			buildActionMask = 2147483647;
			files = (
				CE2926B32A36DA330071CCFD /* Preview Assets.xcassets in Resources */,
				CE2926B02A36DA330071CCFD /* Assets.xcassets in Resources */,
			);
			runOnlyForDeploymentPostprocessing = 0;
		};
		CE2926B62A36DA330071CCFD /* Resources */ = {
			isa = PBXResourcesBuildPhase;
			buildActionMask = 2147483647;
			files = (
			);
			runOnlyForDeploymentPostprocessing = 0;
		};
		CE2926C02A36DA330071CCFD /* Resources */ = {
			isa = PBXResourcesBuildPhase;
			buildActionMask = 2147483647;
			files = (
			);
			runOnlyForDeploymentPostprocessing = 0;
		};
/* End PBXResourcesBuildPhase section */

/* Begin PBXSourcesBuildPhase section */
		CE2926A42A36DA320071CCFD /* Sources */ = {
			isa = PBXSourcesBuildPhase;
			buildActionMask = 2147483647;
			files = (
				CE2926AE2A36DA320071CCFD /* ContentView.swift in Sources */,
				CE2926AC2A36DA320071CCFD /* swift_project_ohta_gsApp.swift in Sources */,
				CE2926D62A38404B0071CCFD /* Functions.swift in Sources */,
			);
			runOnlyForDeploymentPostprocessing = 0;
		};
		CE2926B42A36DA330071CCFD /* Sources */ = {
			isa = PBXSourcesBuildPhase;
			buildActionMask = 2147483647;
			files = (
				CE2926BD2A36DA330071CCFD /* swift_project_ohta_gsTests.swift in Sources */,
			);
			runOnlyForDeploymentPostprocessing = 0;
		};
		CE2926BE2A36DA330071CCFD /* Sources */ = {
			isa = PBXSourcesBuildPhase;
			buildActionMask = 2147483647;
			files = (
				CE2926C92A36DA330071CCFD /* swift_project_ohta_gsUITestsLaunchTests.swift in Sources */,
				CE2926C72A36DA330071CCFD /* swift_project_ohta_gsUITests.swift in Sources */,
			);
			runOnlyForDeploymentPostprocessing = 0;
		};
/* End PBXSourcesBuildPhase section */

/* Begin PBXTargetDependency section */
		CE2926BA2A36DA330071CCFD /* PBXTargetDependency */ = {
			isa = PBXTargetDependency;
			target = CE2926A72A36DA320071CCFD /* swift-project-ohta-gs */;
			targetProxy = CE2926B92A36DA330071CCFD /* PBXContainerItemProxy */;
		};
		CE2926C42A36DA330071CCFD /* PBXTargetDependency */ = {
			isa = PBXTargetDependency;
			target = CE2926A72A36DA320071CCFD /* swift-project-ohta-gs */;
			targetProxy = CE2926C32A36DA330071CCFD /* PBXContainerItemProxy */;
		};
/* End PBXTargetDependency section */

/* Begin XCBuildConfiguration section */
		CE2926CA2A36DA330071CCFD /* Debug */ = {
			isa = XCBuildConfiguration;
			buildSettings = {
				ALWAYS_SEARCH_USER_PATHS = NO;
				CLANG_ANALYZER_NONNULL = YES;
				CLANG_ANALYZER_NUMBER_OBJECT_CONVERSION = YES_AGGRESSIVE;
				CLANG_CXX_LANGUAGE_STANDARD = "gnu++20";
				CLANG_ENABLE_MODULES = YES;
				CLANG_ENABLE_OBJC_ARC = YES;
				CLANG_ENABLE_OBJC_WEAK = YES;
				CLANG_WARN_BLOCK_CAPTURE_AUTORELEASING = YES;
				CLANG_WARN_BOOL_CONVERSION = YES;
				CLANG_WARN_COMMA = YES;
				CLANG_WARN_CONSTANT_CONVERSION = YES;
				CLANG_WARN_DEPRECATED_OBJC_IMPLEMENTATIONS = YES;
				CLANG_WARN_DIRECT_OBJC_ISA_USAGE = YES_ERROR;
				CLANG_WARN_DOCUMENTATION_COMMENTS = YES;
				CLANG_WARN_EMPTY_BODY = YES;
				CLANG_WARN_ENUM_CONVERSION = YES;
				CLANG_WARN_INFINITE_RECURSION = YES;
				CLANG_WARN_INT_CONVERSION = YES;
				CLANG_WARN_NON_LITERAL_NULL_CONVERSION = YES;
				CLANG_WARN_OBJC_IMPLICIT_RETAIN_SELF = YES;
				CLANG_WARN_OBJC_LITERAL_CONVERSION = YES;
				CLANG_WARN_OBJC_ROOT_CLASS = YES_ERROR;
				CLANG_WARN_QUOTED_INCLUDE_IN_FRAMEWORK_HEADER = YES;
				CLANG_WARN_RANGE_LOOP_ANALYSIS = YES;
				CLANG_WARN_STRICT_PROTOTYPES = YES;
				CLANG_WARN_SUSPICIOUS_MOVE = YES;
				CLANG_WARN_UNGUARDED_AVAILABILITY = YES_AGGRESSIVE;
				CLANG_WARN_UNREACHABLE_CODE = YES;
				CLANG_WARN__DUPLICATE_METHOD_MATCH = YES;
				COPY_PHASE_STRIP = NO;
				DEBUG_INFORMATION_FORMAT = dwarf;
				ENABLE_STRICT_OBJC_MSGSEND = YES;
				ENABLE_TESTABILITY = YES;
				GCC_C_LANGUAGE_STANDARD = gnu11;
				GCC_DYNAMIC_NO_PIC = NO;
				GCC_NO_COMMON_BLOCKS = YES;
				GCC_OPTIMIZATION_LEVEL = 0;
				GCC_PREPROCESSOR_DEFINITIONS = (
					"DEBUG=1",
					"$(inherited)",
				);
				GCC_WARN_64_TO_32_BIT_CONVERSION = YES;
				GCC_WARN_ABOUT_RETURN_TYPE = YES_ERROR;
				GCC_WARN_UNDECLARED_SELECTOR = YES;
				GCC_WARN_UNINITIALIZED_AUTOS = YES_AGGRESSIVE;
				GCC_WARN_UNUSED_FUNCTION = YES;
				GCC_WARN_UNUSED_VARIABLE = YES;
				IPHONEOS_DEPLOYMENT_TARGET = 16.4;
				MTL_ENABLE_DEBUG_INFO = INCLUDE_SOURCE;
				MTL_FAST_MATH = YES;
				ONLY_ACTIVE_ARCH = YES;
				SDKROOT = iphoneos;
				SWIFT_ACTIVE_COMPILATION_CONDITIONS = DEBUG;
				SWIFT_OPTIMIZATION_LEVEL = "-Onone";
			};
			name = Debug;
		};
		CE2926CB2A36DA330071CCFD /* Release */ = {
			isa = XCBuildConfiguration;
			buildSettings = {
				ALWAYS_SEARCH_USER_PATHS = NO;
				CLANG_ANALYZER_NONNULL = YES;
				CLANG_ANALYZER_NUMBER_OBJECT_CONVERSION = YES_AGGRESSIVE;
				CLANG_CXX_LANGUAGE_STANDARD = "gnu++20";
				CLANG_ENABLE_MODULES = YES;
				CLANG_ENABLE_OBJC_ARC = YES;
				CLANG_ENABLE_OBJC_WEAK = YES;
				CLANG_WARN_BLOCK_CAPTURE_AUTORELEASING = YES;
				CLANG_WARN_BOOL_CONVERSION = YES;
				CLANG_WARN_COMMA = YES;
				CLANG_WARN_CONSTANT_CONVERSION = YES;
				CLANG_WARN_DEPRECATED_OBJC_IMPLEMENTATIONS = YES;
				CLANG_WARN_DIRECT_OBJC_ISA_USAGE = YES_ERROR;
				CLANG_WARN_DOCUMENTATION_COMMENTS = YES;
				CLANG_WARN_EMPTY_BODY = YES;
				CLANG_WARN_ENUM_CONVERSION = YES;
				CLANG_WARN_INFINITE_RECURSION = YES;
				CLANG_WARN_INT_CONVERSION = YES;
				CLANG_WARN_NON_LITERAL_NULL_CONVERSION = YES;
				CLANG_WARN_OBJC_IMPLICIT_RETAIN_SELF = YES;
				CLANG_WARN_OBJC_LITERAL_CONVERSION = YES;
				CLANG_WARN_OBJC_ROOT_CLASS = YES_ERROR;
				CLANG_WARN_QUOTED_INCLUDE_IN_FRAMEWORK_HEADER = YES;
				CLANG_WARN_RANGE_LOOP_ANALYSIS = YES;
				CLANG_WARN_STRICT_PROTOTYPES = YES;
				CLANG_WARN_SUSPICIOUS_MOVE = YES;
				CLANG_WARN_UNGUARDED_AVAILABILITY = YES_AGGRESSIVE;
				CLANG_WARN_UNREACHABLE_CODE = YES;
				CLANG_WARN__DUPLICATE_METHOD_MATCH = YES;
				COPY_PHASE_STRIP = NO;
				DEBUG_INFORMATION_FORMAT = "dwarf-with-dsym";
				ENABLE_NS_ASSERTIONS = NO;
				ENABLE_STRICT_OBJC_MSGSEND = YES;
				GCC_C_LANGUAGE_STANDARD = gnu11;
				GCC_NO_COMMON_BLOCKS = YES;
				GCC_WARN_64_TO_32_BIT_CONVERSION = YES;
				GCC_WARN_ABOUT_RETURN_TYPE = YES_ERROR;
				GCC_WARN_UNDECLARED_SELECTOR = YES;
				GCC_WARN_UNINITIALIZED_AUTOS = YES_AGGRESSIVE;
				GCC_WARN_UNUSED_FUNCTION = YES;
				GCC_WARN_UNUSED_VARIABLE = YES;
				IPHONEOS_DEPLOYMENT_TARGET = 16.4;
				MTL_ENABLE_DEBUG_INFO = NO;
				MTL_FAST_MATH = YES;
				SDKROOT = iphoneos;
				SWIFT_COMPILATION_MODE = wholemodule;
				SWIFT_OPTIMIZATION_LEVEL = "-O";
				VALIDATE_PRODUCT = YES;
			};
			name = Release;
		};
		CE2926CD2A36DA330071CCFD /* Debug */ = {
			isa = XCBuildConfiguration;
			buildSettings = {
				ASSETCATALOG_COMPILER_APPICON_NAME = AppIcon;
				ASSETCATALOG_COMPILER_GLOBAL_ACCENT_COLOR_NAME = AccentColor;
				CODE_SIGN_STYLE = Automatic;
				CURRENT_PROJECT_VERSION = 1;
				DEVELOPMENT_ASSET_PATHS = "\"swift-project-ohta-gs/Preview Content\"";
				ENABLE_PREVIEWS = YES;
				GENERATE_INFOPLIST_FILE = YES;
				INFOPLIST_KEY_UIApplicationSceneManifest_Generation = YES;
				INFOPLIST_KEY_UIApplicationSupportsIndirectInputEvents = YES;
				INFOPLIST_KEY_UILaunchScreen_Generation = YES;
				INFOPLIST_KEY_UISupportedInterfaceOrientations_iPad = "UIInterfaceOrientationPortrait UIInterfaceOrientationPortraitUpsideDown UIInterfaceOrientationLandscapeLeft UIInterfaceOrientationLandscapeRight";
				INFOPLIST_KEY_UISupportedInterfaceOrientations_iPhone = "UIInterfaceOrientationPortrait UIInterfaceOrientationLandscapeLeft UIInterfaceOrientationLandscapeRight";
				LD_RUNPATH_SEARCH_PATHS = (
					"$(inherited)",
					"@executable_path/Frameworks",
				);
				MARKETING_VERSION = 1.0;
				PRODUCT_BUNDLE_IDENTIFIER = "Dev.swift-project-ohta-gs";
				PRODUCT_NAME = "$(TARGET_NAME)";
				SWIFT_EMIT_LOC_STRINGS = YES;
				SWIFT_VERSION = 5.0;
				TARGETED_DEVICE_FAMILY = "1,2";
			};
			name = Debug;
		};
		CE2926CE2A36DA330071CCFD /* Release */ = {
			isa = XCBuildConfiguration;
			buildSettings = {
				ASSETCATALOG_COMPILER_APPICON_NAME = AppIcon;
				ASSETCATALOG_COMPILER_GLOBAL_ACCENT_COLOR_NAME = AccentColor;
				CODE_SIGN_STYLE = Automatic;
				CURRENT_PROJECT_VERSION = 1;
				DEVELOPMENT_ASSET_PATHS = "\"swift-project-ohta-gs/Preview Content\"";
				ENABLE_PREVIEWS = YES;
				GENERATE_INFOPLIST_FILE = YES;
				INFOPLIST_KEY_UIApplicationSceneManifest_Generation = YES;
				INFOPLIST_KEY_UIApplicationSupportsIndirectInputEvents = YES;
				INFOPLIST_KEY_UILaunchScreen_Generation = YES;
				INFOPLIST_KEY_UISupportedInterfaceOrientations_iPad = "UIInterfaceOrientationPortrait UIInterfaceOrientationPortraitUpsideDown UIInterfaceOrientationLandscapeLeft UIInterfaceOrientationLandscapeRight";
				INFOPLIST_KEY_UISupportedInterfaceOrientations_iPhone = "UIInterfaceOrientationPortrait UIInterfaceOrientationLandscapeLeft UIInterfaceOrientationLandscapeRight";
				LD_RUNPATH_SEARCH_PATHS = (
					"$(inherited)",
					"@executable_path/Frameworks",
				);
				MARKETING_VERSION = 1.0;
				PRODUCT_BUNDLE_IDENTIFIER = "Dev.swift-project-ohta-gs";
				PRODUCT_NAME = "$(TARGET_NAME)";
				SWIFT_EMIT_LOC_STRINGS = YES;
				SWIFT_VERSION = 5.0;
				TARGETED_DEVICE_FAMILY = "1,2";
			};
			name = Release;
		};
		CE2926D02A36DA330071CCFD /* Debug */ = {
			isa = XCBuildConfiguration;
			buildSettings = {
				ALWAYS_EMBED_SWIFT_STANDARD_LIBRARIES = YES;
				BUNDLE_LOADER = "$(TEST_HOST)";
				CODE_SIGN_STYLE = Automatic;
				CURRENT_PROJECT_VERSION = 1;
				GENERATE_INFOPLIST_FILE = YES;
				IPHONEOS_DEPLOYMENT_TARGET = 16.4;
				MARKETING_VERSION = 1.0;
				PRODUCT_BUNDLE_IDENTIFIER = "Dev.swift-project-ohta-gsTests";
				PRODUCT_NAME = "$(TARGET_NAME)";
				SWIFT_EMIT_LOC_STRINGS = NO;
				SWIFT_VERSION = 5.0;
				TARGETED_DEVICE_FAMILY = "1,2";
				TEST_HOST = "$(BUILT_PRODUCTS_DIR)/swift-project-ohta-gs.app/$(BUNDLE_EXECUTABLE_FOLDER_PATH)/swift-project-ohta-gs";
			};
			name = Debug;
		};
		CE2926D12A36DA330071CCFD /* Release */ = {
			isa = XCBuildConfiguration;
			buildSettings = {
				ALWAYS_EMBED_SWIFT_STANDARD_LIBRARIES = YES;
				BUNDLE_LOADER = "$(TEST_HOST)";
				CODE_SIGN_STYLE = Automatic;
				CURRENT_PROJECT_VERSION = 1;
				GENERATE_INFOPLIST_FILE = YES;
				IPHONEOS_DEPLOYMENT_TARGET = 16.4;
				MARKETING_VERSION = 1.0;
				PRODUCT_BUNDLE_IDENTIFIER = "Dev.swift-project-ohta-gsTests";
				PRODUCT_NAME = "$(TARGET_NAME)";
				SWIFT_EMIT_LOC_STRINGS = NO;
				SWIFT_VERSION = 5.0;
				TARGETED_DEVICE_FAMILY = "1,2";
				TEST_HOST = "$(BUILT_PRODUCTS_DIR)/swift-project-ohta-gs.app/$(BUNDLE_EXECUTABLE_FOLDER_PATH)/swift-project-ohta-gs";
			};
			name = Release;
		};
		CE2926D32A36DA330071CCFD /* Debug */ = {
			isa = XCBuildConfiguration;
			buildSettings = {
				ALWAYS_EMBED_SWIFT_STANDARD_LIBRARIES = YES;
				CODE_SIGN_STYLE = Automatic;
				CURRENT_PROJECT_VERSION = 1;
				GENERATE_INFOPLIST_FILE = YES;
				MARKETING_VERSION = 1.0;
				PRODUCT_BUNDLE_IDENTIFIER = "Dev.swift-project-ohta-gsUITests";
				PRODUCT_NAME = "$(TARGET_NAME)";
				SWIFT_EMIT_LOC_STRINGS = NO;
				SWIFT_VERSION = 5.0;
				TARGETED_DEVICE_FAMILY = "1,2";
				TEST_TARGET_NAME = "swift-project-ohta-gs";
			};
			name = Debug;
		};
		CE2926D42A36DA330071CCFD /* Release */ = {
			isa = XCBuildConfiguration;
			buildSettings = {
				ALWAYS_EMBED_SWIFT_STANDARD_LIBRARIES = YES;
				CODE_SIGN_STYLE = Automatic;
				CURRENT_PROJECT_VERSION = 1;
				GENERATE_INFOPLIST_FILE = YES;
				MARKETING_VERSION = 1.0;
				PRODUCT_BUNDLE_IDENTIFIER = "Dev.swift-project-ohta-gsUITests";
				PRODUCT_NAME = "$(TARGET_NAME)";
				SWIFT_EMIT_LOC_STRINGS = NO;
				SWIFT_VERSION = 5.0;
				TARGETED_DEVICE_FAMILY = "1,2";
				TEST_TARGET_NAME = "swift-project-ohta-gs";
			};
			name = Release;
		};
/* End XCBuildConfiguration section */

/* Begin XCConfigurationList section */
		CE2926A32A36DA320071CCFD /* Build configuration list for PBXProject "swift-project-ohta-gs" */ = {
			isa = XCConfigurationList;
			buildConfigurations = (
				CE2926CA2A36DA330071CCFD /* Debug */,
				CE2926CB2A36DA330071CCFD /* Release */,
			);
			defaultConfigurationIsVisible = 0;
			defaultConfigurationName = Release;
		};
		CE2926CC2A36DA330071CCFD /* Build configuration list for PBXNativeTarget "swift-project-ohta-gs" */ = {
			isa = XCConfigurationList;
			buildConfigurations = (
				CE2926CD2A36DA330071CCFD /* Debug */,
				CE2926CE2A36DA330071CCFD /* Release */,
			);
			defaultConfigurationIsVisible = 0;
			defaultConfigurationName = Release;
		};
		CE2926CF2A36DA330071CCFD /* Build configuration list for PBXNativeTarget "swift-project-ohta-gsTests" */ = {
			isa = XCConfigurationList;
			buildConfigurations = (
				CE2926D02A36DA330071CCFD /* Debug */,
				CE2926D12A36DA330071CCFD /* Release */,
			);
			defaultConfigurationIsVisible = 0;
			defaultConfigurationName = Release;
		};
		CE2926D22A36DA330071CCFD /* Build configuration list for PBXNativeTarget "swift-project-ohta-gsUITests" */ = {
			isa = XCConfigurationList;
			buildConfigurations = (
				CE2926D32A36DA330071CCFD /* Debug */,
				CE2926D42A36DA330071CCFD /* Release */,
			);
			defaultConfigurationIsVisible = 0;
			defaultConfigurationName = Release;
		};
/* End XCConfigurationList section */
	};
	rootObject = CE2926A02A36DA320071CCFD /* Project object */;
}
